
Microsoft Visual Studio Solution File, Format Version 12.00
# Visual Studio Version 17
VisualStudioVersion = 17.6.33801.468
MinimumVisualStudioVersion = 10.0.40219.1
Project("{FAE04EC0-301F-11D3-BF4B-00C04F79EFBC}") = "bt_17", "bt_17\bt_17.csproj", "{1DE46382-34A7-49E7-B48F-1ED355AF1C93}"
EndProject
Global
	GlobalSection(SolutionConfigurationPlatforms) = preSolution
		Debug|Any CPU = Debug|Any CPU
		Release|Any CPU = Release|Any CPU
	EndGlobalSection
	GlobalSection(ProjectConfigurationPlatforms) = postSolution
		{1DE46382-34A7-49E7-B48F-1ED355AF1C93}.Debug|Any CPU.ActiveCfg = Debug|Any CPU
		{1DE46382-34A7-49E7-B48F-1ED355AF1C93}.Debug|Any CPU.Build.0 = Debug|Any CPU
		{1DE46382-34A7-49E7-B48F-1ED355AF1C93}.Release|Any CPU.ActiveCfg = Release|Any CPU
		{1DE46382-34A7-49E7-B48F-1ED355AF1C93}.Release|Any CPU.Build.0 = Release|Any CPU
	EndGlobalSection
	GlobalSection(SolutionProperties) = preSolution
		HideSolutionNode = FALSE
	EndGlobalSection
	GlobalSection(ExtensibilityGlobals) = postSolution
		SolutionGuid = {67D98058-5CC4-47C0-9E99-0FD41F4E84BF}
	EndGlobalSection
EndGlobal
