
Microsoft Visual Studio Solution File, Format Version 12.00
# Visual Studio Version 17
VisualStudioVersion = 17.6.33801.468
MinimumVisualStudioVersion = 10.0.40219.1
Project("{FAE04EC0-301F-11D3-BF4B-00C04F79EFBC}") = "bt_5", "bt_5\bt_5.csproj", "{81402B05-015A-48EC-8BB3-9B173CD07FBA}"
EndProject
Global
	GlobalSection(SolutionConfigurationPlatforms) = preSolution
		Debug|Any CPU = Debug|Any CPU
		Release|Any CPU = Release|Any CPU
	EndGlobalSection
	GlobalSection(ProjectConfigurationPlatforms) = postSolution
		{81402B05-015A-48EC-8BB3-9B173CD07FBA}.Debug|Any CPU.ActiveCfg = Debug|Any CPU
		{81402B05-015A-48EC-8BB3-9B173CD07FBA}.Debug|Any CPU.Build.0 = Debug|Any CPU
		{81402B05-015A-48EC-8BB3-9B173CD07FBA}.Release|Any CPU.ActiveCfg = Release|Any CPU
		{81402B05-015A-48EC-8BB3-9B173CD07FBA}.Release|Any CPU.Build.0 = Release|Any CPU
	EndGlobalSection
	GlobalSection(SolutionProperties) = preSolution
		HideSolutionNode = FALSE
	EndGlobalSection
	GlobalSection(ExtensibilityGlobals) = postSolution
		SolutionGuid = {C6248634-66B2-43ED-A1BB-50DA80E8F1E7}
	EndGlobalSection
EndGlobal
