
Microsoft Visual Studio Solution File, Format Version 12.00
# Visual Studio Version 17
VisualStudioVersion = 17.6.33801.468
MinimumVisualStudioVersion = 10.0.40219.1
Project("{FAE04EC0-301F-11D3-BF4B-00C04F79EFBC}") = "bt_4", "bt_4\bt_4.csproj", "{31AF3313-124A-4229-AFF3-A836C9B108A4}"
EndProject
Global
	GlobalSection(SolutionConfigurationPlatforms) = preSolution
		Debug|Any CPU = Debug|Any CPU
		Release|Any CPU = Release|Any CPU
	EndGlobalSection
	GlobalSection(ProjectConfigurationPlatforms) = postSolution
		{31AF3313-124A-4229-AFF3-A836C9B108A4}.Debug|Any CPU.ActiveCfg = Debug|Any CPU
		{31AF3313-124A-4229-AFF3-A836C9B108A4}.Debug|Any CPU.Build.0 = Debug|Any CPU
		{31AF3313-124A-4229-AFF3-A836C9B108A4}.Release|Any CPU.ActiveCfg = Release|Any CPU
		{31AF3313-124A-4229-AFF3-A836C9B108A4}.Release|Any CPU.Build.0 = Release|Any CPU
	EndGlobalSection
	GlobalSection(SolutionProperties) = preSolution
		HideSolutionNode = FALSE
	EndGlobalSection
	GlobalSection(ExtensibilityGlobals) = postSolution
		SolutionGuid = {F5BC4215-FB8D-4151-96A4-F01200883F5F}
	EndGlobalSection
EndGlobal
