
Microsoft Visual Studio Solution File, Format Version 12.00
# Visual Studio Version 17
VisualStudioVersion = 17.6.33801.468
MinimumVisualStudioVersion = 10.0.40219.1
Project("{FAE04EC0-301F-11D3-BF4B-00C04F79EFBC}") = "bt_8", "bt_8\bt_8.csproj", "{C5960606-D60D-45BC-81D8-B348F1DF72FF}"
EndProject
Global
	GlobalSection(SolutionConfigurationPlatforms) = preSolution
		Debug|Any CPU = Debug|Any CPU
		Release|Any CPU = Release|Any CPU
	EndGlobalSection
	GlobalSection(ProjectConfigurationPlatforms) = postSolution
		{C5960606-D60D-45BC-81D8-B348F1DF72FF}.Debug|Any CPU.ActiveCfg = Debug|Any CPU
		{C5960606-D60D-45BC-81D8-B348F1DF72FF}.Debug|Any CPU.Build.0 = Debug|Any CPU
		{C5960606-D60D-45BC-81D8-B348F1DF72FF}.Release|Any CPU.ActiveCfg = Release|Any CPU
		{C5960606-D60D-45BC-81D8-B348F1DF72FF}.Release|Any CPU.Build.0 = Release|Any CPU
	EndGlobalSection
	GlobalSection(SolutionProperties) = preSolution
		HideSolutionNode = FALSE
	EndGlobalSection
	GlobalSection(ExtensibilityGlobals) = postSolution
		SolutionGuid = {1450FC3B-A37E-4070-8EA2-AC79A9681DB1}
	EndGlobalSection
EndGlobal
